
Microsoft Visual Studio Solution File, Format Version 12.00
# Visual Studio Version 17
VisualStudioVersion = 17.5.002.0
MinimumVisualStudioVersion = 10.0.40219.1
Project("{9A19103F-16F7-4668-BE54-9A1E7A4F7556}") = "api", "api\api.csproj", "{FDFE7839-D8EF-4E60-B89C-19D38415C31E}"
EndProject
Global
	GlobalSection(SolutionConfigurationPlatforms) = preSolution
		Debug|Any CPU = Debug|Any CPU
		Release|Any CPU = Release|Any CPU
	EndGlobalSection
	GlobalSection(ProjectConfigurationPlatforms) = postSolution
		{FDFE7839-D8EF-4E60-B89C-19D38415C31E}.Debug|Any CPU.ActiveCfg = Debug|Any CPU
		{FDFE7839-D8EF-4E60-B89C-19D38415C31E}.Debug|Any CPU.Build.0 = Debug|Any CPU
		{FDFE7839-D8EF-4E60-B89C-19D38415C31E}.Release|Any CPU.ActiveCfg = Release|Any CPU
		{FDFE7839-D8EF-4E60-B89C-19D38415C31E}.Release|Any CPU.Build.0 = Release|Any CPU
	EndGlobalSection
	GlobalSection(SolutionProperties) = preSolution
		HideSolutionNode = FALSE
	EndGlobalSection
	GlobalSection(ExtensibilityGlobals) = postSolution
		SolutionGuid = {A75B3D2A-1399-4E6A-9EAE-489D3F85AD38}
	EndGlobalSection
EndGlobal
